// !$*UTF8*$!
{
	archiveVersion = 1;
	classes = {
	};
	objectVersion = 56;
	objects = {

/* Begin PBXBuildFile section */
		621788ED2B8FD4F600EFE45C /* Waste_ManagerApp.swift in Sources */ = {isa = PBXBuildFile; fileRef = 621788EC2B8FD4F600EFE45C /* Waste_ManagerApp.swift */; };
		621788EF2B8FD4F600EFE45C /* ContentView.swift in Sources */ = {isa = PBXBuildFile; fileRef = 621788EE2B8FD4F600EFE45C /* ContentView.swift */; };
		621788F12B8FD4F700EFE45C /* Assets.xcassets in Resources */ = {isa = PBXBuildFile; fileRef = 621788F02B8FD4F700EFE45C /* Assets.xcassets */; };
		621788F42B8FD4F700EFE45C /* Preview Assets.xcassets in Resources */ = {isa = PBXBuildFile; fileRef = 621788F32B8FD4F700EFE45C /* Preview Assets.xcassets */; };
		621788FE2B8FD57000EFE45C /* WasteClassification-v2.mlmodel in Sources */ = {isa = PBXBuildFile; fileRef = 621788FD2B8FD57000EFE45C /* WasteClassification-v2.mlmodel */; };
		621789022B8FD5CE00EFE45C /* NavigationBarView.swift in Sources */ = {isa = PBXBuildFile; fileRef = 621789012B8FD5CE00EFE45C /* NavigationBarView.swift */; };
		621789042B8FDC0900EFE45C /* CameraView.swift in Sources */ = {isa = PBXBuildFile; fileRef = 621789032B8FDC0900EFE45C /* CameraView.swift */; };
		621789062B8FDC1F00EFE45C /* ProfileView.swift in Sources */ = {isa = PBXBuildFile; fileRef = 621789052B8FDC1F00EFE45C /* ProfileView.swift */; };
		621789082B8FDC7400EFE45C /* MapView.swift in Sources */ = {isa = PBXBuildFile; fileRef = 621789072B8FDC7400EFE45C /* MapView.swift */; };
		6217890A2B8FDC8600EFE45C /* ArticlesView.swift in Sources */ = {isa = PBXBuildFile; fileRef = 621789092B8FDC8600EFE45C /* ArticlesView.swift */; };
		6217890C2B901D4000EFE45C /* ModelData.swift in Sources */ = {isa = PBXBuildFile; fileRef = 6217890B2B901D4000EFE45C /* ModelData.swift */; };
		6217890E2B901D5E00EFE45C /* Profile.swift in Sources */ = {isa = PBXBuildFile; fileRef = 6217890D2B901D5E00EFE45C /* Profile.swift */; };
		621789112B910F2100EFE45C /* TypeWasteButton.swift in Sources */ = {isa = PBXBuildFile; fileRef = 621789102B910F2100EFE45C /* TypeWasteButton.swift */; };
		621789132B92A9D600EFE45C /* BottleAndGlass.swift in Sources */ = {isa = PBXBuildFile; fileRef = 621789122B92A9D600EFE45C /* BottleAndGlass.swift */; };
		621789152B92B8E900EFE45C /* SearchBar.swift in Sources */ = {isa = PBXBuildFile; fileRef = 621789142B92B8E900EFE45C /* SearchBar.swift */; };
		621789172B92BDE700EFE45C /* MapProgress.swift in Sources */ = {isa = PBXBuildFile; fileRef = 621789162B92BDE700EFE45C /* MapProgress.swift */; };
		621789192B93789400EFE45C /* WasteIdentDisplay.swift in Sources */ = {isa = PBXBuildFile; fileRef = 621789182B93789400EFE45C /* WasteIdentDisplay.swift */; };
		621789202B937C8100EFE45C /* PointOfInterest.swift in Sources */ = {isa = PBXBuildFile; fileRef = 6217891D2B937C8100EFE45C /* PointOfInterest.swift */; };
		621789212B937C8100EFE45C /* TrueMapView.swift in Sources */ = {isa = PBXBuildFile; fileRef = 6217891E2B937C8100EFE45C /* TrueMapView.swift */; };
		621789222B937C8100EFE45C /* POIdetails.swift in Sources */ = {isa = PBXBuildFile; fileRef = 6217891F2B937C8100EFE45C /* POIdetails.swift */; };
		621789242B93BFF100EFE45C /* Mapa.swift in Sources */ = {isa = PBXBuildFile; fileRef = 621789232B93BFF100EFE45C /* Mapa.swift */; };
		621789262B953E5F00EFE45C /* ArticlePreview.swift in Sources */ = {isa = PBXBuildFile; fileRef = 621789252B953E5F00EFE45C /* ArticlePreview.swift */; };
/* End PBXBuildFile section */

/* Begin PBXFileReference section */
		621788E92B8FD4F600EFE45C /* Waste Manager.app */ = {isa = PBXFileReference; explicitFileType = wrapper.application; includeInIndex = 0; path = "Waste Manager.app"; sourceTree = BUILT_PRODUCTS_DIR; };
		621788EC2B8FD4F600EFE45C /* Waste_ManagerApp.swift */ = {isa = PBXFileReference; lastKnownFileType = sourcecode.swift; path = Waste_ManagerApp.swift; sourceTree = "<group>"; };
		621788EE2B8FD4F600EFE45C /* ContentView.swift */ = {isa = PBXFileReference; lastKnownFileType = sourcecode.swift; path = ContentView.swift; sourceTree = "<group>"; };
		621788F02B8FD4F700EFE45C /* Assets.xcassets */ = {isa = PBXFileReference; lastKnownFileType = folder.assetcatalog; path = Assets.xcassets; sourceTree = "<group>"; };
		621788F32B8FD4F700EFE45C /* Preview Assets.xcassets */ = {isa = PBXFileReference; lastKnownFileType = folder.assetcatalog; path = "Preview Assets.xcassets"; sourceTree = "<group>"; };
		621788FD2B8FD57000EFE45C /* WasteClassification-v2.mlmodel */ = {isa = PBXFileReference; lastKnownFileType = file.mlmodel; path = "WasteClassification-v2.mlmodel"; sourceTree = "<group>"; };
		621789012B8FD5CE00EFE45C /* NavigationBarView.swift */ = {isa = PBXFileReference; lastKnownFileType = sourcecode.swift; path = NavigationBarView.swift; sourceTree = "<group>"; };
		621789032B8FDC0900EFE45C /* CameraView.swift */ = {isa = PBXFileReference; lastKnownFileType = sourcecode.swift; path = CameraView.swift; sourceTree = "<group>"; };
		621789052B8FDC1F00EFE45C /* ProfileView.swift */ = {isa = PBXFileReference; lastKnownFileType = sourcecode.swift; path = ProfileView.swift; sourceTree = "<group>"; };
		621789072B8FDC7400EFE45C /* MapView.swift */ = {isa = PBXFileReference; lastKnownFileType = sourcecode.swift; path = MapView.swift; sourceTree = "<group>"; };
		621789092B8FDC8600EFE45C /* ArticlesView.swift */ = {isa = PBXFileReference; lastKnownFileType = sourcecode.swift; path = ArticlesView.swift; sourceTree = "<group>"; };
		6217890B2B901D4000EFE45C /* ModelData.swift */ = {isa = PBXFileReference; lastKnownFileType = sourcecode.swift; path = ModelData.swift; sourceTree = "<group>"; };
		6217890D2B901D5E00EFE45C /* Profile.swift */ = {isa = PBXFileReference; lastKnownFileType = sourcecode.swift; path = Profile.swift; sourceTree = "<group>"; };
		621789102B910F2100EFE45C /* TypeWasteButton.swift */ = {isa = PBXFileReference; lastKnownFileType = sourcecode.swift; path = TypeWasteButton.swift; sourceTree = "<group>"; };
		621789122B92A9D600EFE45C /* BottleAndGlass.swift */ = {isa = PBXFileReference; lastKnownFileType = sourcecode.swift; path = BottleAndGlass.swift; sourceTree = "<group>"; };
		621789142B92B8E900EFE45C /* SearchBar.swift */ = {isa = PBXFileReference; lastKnownFileType = sourcecode.swift; path = SearchBar.swift; sourceTree = "<group>"; };
		621789162B92BDE700EFE45C /* MapProgress.swift */ = {isa = PBXFileReference; lastKnownFileType = sourcecode.swift; path = MapProgress.swift; sourceTree = "<group>"; };
		621789182B93789400EFE45C /* WasteIdentDisplay.swift */ = {isa = PBXFileReference; lastKnownFileType = sourcecode.swift; path = WasteIdentDisplay.swift; sourceTree = "<group>"; };
		6217891D2B937C8100EFE45C /* PointOfInterest.swift */ = {isa = PBXFileReference; fileEncoding = 4; lastKnownFileType = sourcecode.swift; path = PointOfInterest.swift; sourceTree = "<group>"; };
		6217891E2B937C8100EFE45C /* TrueMapView.swift */ = {isa = PBXFileReference; fileEncoding = 4; lastKnownFileType = sourcecode.swift; path = TrueMapView.swift; sourceTree = "<group>"; };
		6217891F2B937C8100EFE45C /* POIdetails.swift */ = {isa = PBXFileReference; fileEncoding = 4; lastKnownFileType = sourcecode.swift; path = POIdetails.swift; sourceTree = "<group>"; };
		621789232B93BFF100EFE45C /* Mapa.swift */ = {isa = PBXFileReference; lastKnownFileType = sourcecode.swift; path = Mapa.swift; sourceTree = "<group>"; };
		621789252B953E5F00EFE45C /* ArticlePreview.swift */ = {isa = PBXFileReference; lastKnownFileType = sourcecode.swift; path = ArticlePreview.swift; sourceTree = "<group>"; };
/* End PBXFileReference section */

/* Begin PBXFrameworksBuildPhase section */
		621788E62B8FD4F600EFE45C /* Frameworks */ = {
			isa = PBXFrameworksBuildPhase;
			buildActionMask = 2147483647;
			files = (
			);
			runOnlyForDeploymentPostprocessing = 0;
		};
/* End PBXFrameworksBuildPhase section */

/* Begin PBXGroup section */
		621788E02B8FD4F600EFE45C = {
			isa = PBXGroup;
			children = (
				621788EB2B8FD4F600EFE45C /* Waste Manager */,
				621788EA2B8FD4F600EFE45C /* Products */,
			);
			sourceTree = "<group>";
		};
		621788EA2B8FD4F600EFE45C /* Products */ = {
			isa = PBXGroup;
			children = (
				621788E92B8FD4F600EFE45C /* Waste Manager.app */,
			);
			name = Products;
			sourceTree = "<group>";
		};
		621788EB2B8FD4F600EFE45C /* Waste Manager */ = {
			isa = PBXGroup;
			children = (
				621788EC2B8FD4F600EFE45C /* Waste_ManagerApp.swift */,
				621788FD2B8FD57000EFE45C /* WasteClassification-v2.mlmodel */,
				621788FC2B8FD51A00EFE45C /* Views */,
				621788FB2B8FD50B00EFE45C /* Helpers */,
				6217891C2B937C6600EFE45C /* Map */,
				621788FA2B8FD50200EFE45C /* Model */,
				621788F02B8FD4F700EFE45C /* Assets.xcassets */,
				621788F22B8FD4F700EFE45C /* Preview Content */,
			);
			path = "Waste Manager";
			sourceTree = "<group>";
		};
		621788F22B8FD4F700EFE45C /* Preview Content */ = {
			isa = PBXGroup;
			children = (
				621788F32B8FD4F700EFE45C /* Preview Assets.xcassets */,
			);
			path = "Preview Content";
			sourceTree = "<group>";
		};
		621788FA2B8FD50200EFE45C /* Model */ = {
			isa = PBXGroup;
			children = (
				6217890B2B901D4000EFE45C /* ModelData.swift */,
				6217890D2B901D5E00EFE45C /* Profile.swift */,
				621789232B93BFF100EFE45C /* Mapa.swift */,
			);
			path = Model;
			sourceTree = "<group>";
		};
		621788FB2B8FD50B00EFE45C /* Helpers */ = {
			isa = PBXGroup;
			children = (
				621789102B910F2100EFE45C /* TypeWasteButton.swift */,
				621789122B92A9D600EFE45C /* BottleAndGlass.swift */,
				621789142B92B8E900EFE45C /* SearchBar.swift */,
				621789162B92BDE700EFE45C /* MapProgress.swift */,
				621789182B93789400EFE45C /* WasteIdentDisplay.swift */,
				621789252B953E5F00EFE45C /* ArticlePreview.swift */,
			);
			path = Helpers;
			sourceTree = "<group>";
		};
		621788FC2B8FD51A00EFE45C /* Views */ = {
			isa = PBXGroup;
			children = (
				621788EE2B8FD4F600EFE45C /* ContentView.swift */,
				621789012B8FD5CE00EFE45C /* NavigationBarView.swift */,
				621789032B8FDC0900EFE45C /* CameraView.swift */,
				621789052B8FDC1F00EFE45C /* ProfileView.swift */,
				621789072B8FDC7400EFE45C /* MapView.swift */,
				621789092B8FDC8600EFE45C /* ArticlesView.swift */,
			);
			path = Views;
			sourceTree = "<group>";
		};
		6217891C2B937C6600EFE45C /* Map */ = {
			isa = PBXGroup;
			children = (
				6217891F2B937C8100EFE45C /* POIdetails.swift */,
				6217891D2B937C8100EFE45C /* PointOfInterest.swift */,
				6217891E2B937C8100EFE45C /* TrueMapView.swift */,
			);
			path = Map;
			sourceTree = "<group>";
		};
/* End PBXGroup section */

/* Begin PBXNativeTarget section */
		621788E82B8FD4F600EFE45C /* Waste Manager */ = {
			isa = PBXNativeTarget;
			buildConfigurationList = 621788F72B8FD4F700EFE45C /* Build configuration list for PBXNativeTarget "Waste Manager" */;
			buildPhases = (
				621788E52B8FD4F600EFE45C /* Sources */,
				621788E62B8FD4F600EFE45C /* Frameworks */,
				621788E72B8FD4F600EFE45C /* Resources */,
			);
			buildRules = (
			);
			dependencies = (
			);
			name = "Waste Manager";
			productName = "Waste Manager";
			productReference = 621788E92B8FD4F600EFE45C /* Waste Manager.app */;
			productType = "com.apple.product-type.application";
		};
/* End PBXNativeTarget section */

/* Begin PBXProject section */
		621788E12B8FD4F600EFE45C /* Project object */ = {
			isa = PBXProject;
			attributes = {
				BuildIndependentTargetsInParallel = 1;
				LastSwiftUpdateCheck = 1520;
				LastUpgradeCheck = 1520;
				TargetAttributes = {
					621788E82B8FD4F600EFE45C = {
						CreatedOnToolsVersion = 15.2;
					};
				};
			};
			buildConfigurationList = 621788E42B8FD4F600EFE45C /* Build configuration list for PBXProject "Waste Manager" */;
			compatibilityVersion = "Xcode 14.0";
			developmentRegion = en;
			hasScannedForEncodings = 0;
			knownRegions = (
				en,
				Base,
			);
			mainGroup = 621788E02B8FD4F600EFE45C;
			productRefGroup = 621788EA2B8FD4F600EFE45C /* Products */;
			projectDirPath = "";
			projectRoot = "";
			targets = (
				621788E82B8FD4F600EFE45C /* Waste Manager */,
			);
		};
/* End PBXProject section */

/* Begin PBXResourcesBuildPhase section */
		621788E72B8FD4F600EFE45C /* Resources */ = {
			isa = PBXResourcesBuildPhase;
			buildActionMask = 2147483647;
			files = (
				621788F42B8FD4F700EFE45C /* Preview Assets.xcassets in Resources */,
				621788F12B8FD4F700EFE45C /* Assets.xcassets in Resources */,
			);
			runOnlyForDeploymentPostprocessing = 0;
		};
/* End PBXResourcesBuildPhase section */

/* Begin PBXSourcesBuildPhase section */
		621788E52B8FD4F600EFE45C /* Sources */ = {
			isa = PBXSourcesBuildPhase;
			buildActionMask = 2147483647;
			files = (
				621789022B8FD5CE00EFE45C /* NavigationBarView.swift in Sources */,
				621789082B8FDC7400EFE45C /* MapView.swift in Sources */,
				621789132B92A9D600EFE45C /* BottleAndGlass.swift in Sources */,
				621789212B937C8100EFE45C /* TrueMapView.swift in Sources */,
				621789192B93789400EFE45C /* WasteIdentDisplay.swift in Sources */,
				621789222B937C8100EFE45C /* POIdetails.swift in Sources */,
				621788FE2B8FD57000EFE45C /* WasteClassification-v2.mlmodel in Sources */,
				6217890A2B8FDC8600EFE45C /* ArticlesView.swift in Sources */,
				621788EF2B8FD4F600EFE45C /* ContentView.swift in Sources */,
				621789042B8FDC0900EFE45C /* CameraView.swift in Sources */,
				621789172B92BDE700EFE45C /* MapProgress.swift in Sources */,
				621789152B92B8E900EFE45C /* SearchBar.swift in Sources */,
				621789112B910F2100EFE45C /* TypeWasteButton.swift in Sources */,
				6217890C2B901D4000EFE45C /* ModelData.swift in Sources */,
				621789242B93BFF100EFE45C /* Mapa.swift in Sources */,
				6217890E2B901D5E00EFE45C /* Profile.swift in Sources */,
				621789202B937C8100EFE45C /* PointOfInterest.swift in Sources */,
				621789262B953E5F00EFE45C /* ArticlePreview.swift in Sources */,
				621789062B8FDC1F00EFE45C /* ProfileView.swift in Sources */,
				621788ED2B8FD4F600EFE45C /* Waste_ManagerApp.swift in Sources */,
			);
			runOnlyForDeploymentPostprocessing = 0;
		};
/* End PBXSourcesBuildPhase section */

/* Begin XCBuildConfiguration section */
		621788F52B8FD4F700EFE45C /* Debug */ = {
			isa = XCBuildConfiguration;
			buildSettings = {
				ALWAYS_SEARCH_USER_PATHS = NO;
				ASSETCATALOG_COMPILER_GENERATE_SWIFT_ASSET_SYMBOL_EXTENSIONS = YES;
				CLANG_ANALYZER_NONNULL = YES;
				CLANG_ANALYZER_NUMBER_OBJECT_CONVERSION = YES_AGGRESSIVE;
				CLANG_CXX_LANGUAGE_STANDARD = "gnu++20";
				CLANG_ENABLE_MODULES = YES;
				CLANG_ENABLE_OBJC_ARC = YES;
				CLANG_ENABLE_OBJC_WEAK = YES;
				CLANG_WARN_BLOCK_CAPTURE_AUTORELEASING = YES;
				CLANG_WARN_BOOL_CONVERSION = YES;
				CLANG_WARN_COMMA = YES;
				CLANG_WARN_CONSTANT_CONVERSION = YES;
				CLANG_WARN_DEPRECATED_OBJC_IMPLEMENTATIONS = YES;
				CLANG_WARN_DIRECT_OBJC_ISA_USAGE = YES_ERROR;
				CLANG_WARN_DOCUMENTATION_COMMENTS = YES;
				CLANG_WARN_EMPTY_BODY = YES;
				CLANG_WARN_ENUM_CONVERSION = YES;
				CLANG_WARN_INFINITE_RECURSION = YES;
				CLANG_WARN_INT_CONVERSION = YES;
				CLANG_WARN_NON_LITERAL_NULL_CONVERSION = YES;
				CLANG_WARN_OBJC_IMPLICIT_RETAIN_SELF = YES;
				CLANG_WARN_OBJC_LITERAL_CONVERSION = YES;
				CLANG_WARN_OBJC_ROOT_CLASS = YES_ERROR;
				CLANG_WARN_QUOTED_INCLUDE_IN_FRAMEWORK_HEADER = YES;
				CLANG_WARN_RANGE_LOOP_ANALYSIS = YES;
				CLANG_WARN_STRICT_PROTOTYPES = YES;
				CLANG_WARN_SUSPICIOUS_MOVE = YES;
				CLANG_WARN_UNGUARDED_AVAILABILITY = YES_AGGRESSIVE;
				CLANG_WARN_UNREACHABLE_CODE = YES;
				CLANG_WARN__DUPLICATE_METHOD_MATCH = YES;
				COPY_PHASE_STRIP = NO;
				DEBUG_INFORMATION_FORMAT = dwarf;
				ENABLE_STRICT_OBJC_MSGSEND = YES;
				ENABLE_TESTABILITY = YES;
				ENABLE_USER_SCRIPT_SANDBOXING = YES;
				GCC_C_LANGUAGE_STANDARD = gnu17;
				GCC_DYNAMIC_NO_PIC = NO;
				GCC_NO_COMMON_BLOCKS = YES;
				GCC_OPTIMIZATION_LEVEL = 0;
				GCC_PREPROCESSOR_DEFINITIONS = (
					"DEBUG=1",
					"$(inherited)",
				);
				GCC_WARN_64_TO_32_BIT_CONVERSION = YES;
				GCC_WARN_ABOUT_RETURN_TYPE = YES_ERROR;
				GCC_WARN_UNDECLARED_SELECTOR = YES;
				GCC_WARN_UNINITIALIZED_AUTOS = YES_AGGRESSIVE;
				GCC_WARN_UNUSED_FUNCTION = YES;
				GCC_WARN_UNUSED_VARIABLE = YES;
				IPHONEOS_DEPLOYMENT_TARGET = 17.2;
				LOCALIZATION_PREFERS_STRING_CATALOGS = YES;
				MTL_ENABLE_DEBUG_INFO = INCLUDE_SOURCE;
				MTL_FAST_MATH = YES;
				ONLY_ACTIVE_ARCH = YES;
				SDKROOT = iphoneos;
				SWIFT_ACTIVE_COMPILATION_CONDITIONS = "DEBUG $(inherited)";
				SWIFT_OPTIMIZATION_LEVEL = "-Onone";
			};
			name = Debug;
		};
		621788F62B8FD4F700EFE45C /* Release */ = {
			isa = XCBuildConfiguration;
			buildSettings = {
				ALWAYS_SEARCH_USER_PATHS = NO;
				ASSETCATALOG_COMPILER_GENERATE_SWIFT_ASSET_SYMBOL_EXTENSIONS = YES;
				CLANG_ANALYZER_NONNULL = YES;
				CLANG_ANALYZER_NUMBER_OBJECT_CONVERSION = YES_AGGRESSIVE;
				CLANG_CXX_LANGUAGE_STANDARD = "gnu++20";
				CLANG_ENABLE_MODULES = YES;
				CLANG_ENABLE_OBJC_ARC = YES;
				CLANG_ENABLE_OBJC_WEAK = YES;
				CLANG_WARN_BLOCK_CAPTURE_AUTORELEASING = YES;
				CLANG_WARN_BOOL_CONVERSION = YES;
				CLANG_WARN_COMMA = YES;
				CLANG_WARN_CONSTANT_CONVERSION = YES;
				CLANG_WARN_DEPRECATED_OBJC_IMPLEMENTATIONS = YES;
				CLANG_WARN_DIRECT_OBJC_ISA_USAGE = YES_ERROR;
				CLANG_WARN_DOCUMENTATION_COMMENTS = YES;
				CLANG_WARN_EMPTY_BODY = YES;
				CLANG_WARN_ENUM_CONVERSION = YES;
				CLANG_WARN_INFINITE_RECURSION = YES;
				CLANG_WARN_INT_CONVERSION = YES;
				CLANG_WARN_NON_LITERAL_NULL_CONVERSION = YES;
				CLANG_WARN_OBJC_IMPLICIT_RETAIN_SELF = YES;
				CLANG_WARN_OBJC_LITERAL_CONVERSION = YES;
				CLANG_WARN_OBJC_ROOT_CLASS = YES_ERROR;
				CLANG_WARN_QUOTED_INCLUDE_IN_FRAMEWORK_HEADER = YES;
				CLANG_WARN_RANGE_LOOP_ANALYSIS = YES;
				CLANG_WARN_STRICT_PROTOTYPES = YES;
				CLANG_WARN_SUSPICIOUS_MOVE = YES;
				CLANG_WARN_UNGUARDED_AVAILABILITY = YES_AGGRESSIVE;
				CLANG_WARN_UNREACHABLE_CODE = YES;
				CLANG_WARN__DUPLICATE_METHOD_MATCH = YES;
				COPY_PHASE_STRIP = NO;
				DEBUG_INFORMATION_FORMAT = "dwarf-with-dsym";
				ENABLE_NS_ASSERTIONS = NO;
				ENABLE_STRICT_OBJC_MSGSEND = YES;
				ENABLE_USER_SCRIPT_SANDBOXING = YES;
				GCC_C_LANGUAGE_STANDARD = gnu17;
				GCC_NO_COMMON_BLOCKS = YES;
				GCC_WARN_64_TO_32_BIT_CONVERSION = YES;
				GCC_WARN_ABOUT_RETURN_TYPE = YES_ERROR;
				GCC_WARN_UNDECLARED_SELECTOR = YES;
				GCC_WARN_UNINITIALIZED_AUTOS = YES_AGGRESSIVE;
				GCC_WARN_UNUSED_FUNCTION = YES;
				GCC_WARN_UNUSED_VARIABLE = YES;
				IPHONEOS_DEPLOYMENT_TARGET = 17.2;
				LOCALIZATION_PREFERS_STRING_CATALOGS = YES;
				MTL_ENABLE_DEBUG_INFO = NO;
				MTL_FAST_MATH = YES;
				SDKROOT = iphoneos;
				SWIFT_COMPILATION_MODE = wholemodule;
				VALIDATE_PRODUCT = YES;
			};
			name = Release;
		};
		621788F82B8FD4F700EFE45C /* Debug */ = {
			isa = XCBuildConfiguration;
			buildSettings = {
				ASSETCATALOG_COMPILER_APPICON_NAME = AppIcon;
				ASSETCATALOG_COMPILER_GLOBAL_ACCENT_COLOR_NAME = AccentColor;
				CODE_SIGN_STYLE = Automatic;
				CURRENT_PROJECT_VERSION = 1;
				DEVELOPMENT_ASSET_PATHS = "\"Waste Manager/Preview Content\"";
				DEVELOPMENT_TEAM = 7VCTMF45GY;
				ENABLE_PREVIEWS = YES;
				GENERATE_INFOPLIST_FILE = YES;
				INFOPLIST_KEY_NSCameraUsageDescription = "The camera is needed to identify the wastes";
				INFOPLIST_KEY_UIApplicationSceneManifest_Generation = YES;
				INFOPLIST_KEY_UIApplicationSupportsIndirectInputEvents = YES;
				INFOPLIST_KEY_UILaunchScreen_Generation = YES;
				INFOPLIST_KEY_UISupportedInterfaceOrientations = UIInterfaceOrientationPortrait;
				INFOPLIST_KEY_UISupportedInterfaceOrientations_iPad = "UIInterfaceOrientationLandscapeLeft UIInterfaceOrientationLandscapeRight UIInterfaceOrientationPortrait UIInterfaceOrientationPortraitUpsideDown";
				LD_RUNPATH_SEARCH_PATHS = (
					"$(inherited)",
					"@executable_path/Frameworks",
				);
				MARKETING_VERSION = 1.0;
				PRODUCT_BUNDLE_IDENTIFIER = "CardboardSoftware.Waste-Manager";
				PRODUCT_NAME = "$(TARGET_NAME)";
				SWIFT_EMIT_LOC_STRINGS = YES;
				SWIFT_VERSION = 5.0;
				TARGETED_DEVICE_FAMILY = "1,2";
			};
			name = Debug;
		};
		621788F92B8FD4F700EFE45C /* Release */ = {
			isa = XCBuildConfiguration;
			buildSettings = {
				ASSETCATALOG_COMPILER_APPICON_NAME = AppIcon;
				ASSETCATALOG_COMPILER_GLOBAL_ACCENT_COLOR_NAME = AccentColor;
				CODE_SIGN_STYLE = Automatic;
				CURRENT_PROJECT_VERSION = 1;
				DEVELOPMENT_ASSET_PATHS = "\"Waste Manager/Preview Content\"";
				DEVELOPMENT_TEAM = 7VCTMF45GY;
				ENABLE_PREVIEWS = YES;
				GENERATE_INFOPLIST_FILE = YES;
				INFOPLIST_KEY_NSCameraUsageDescription = "The camera is needed to identify the wastes";
				INFOPLIST_KEY_UIApplicationSceneManifest_Generation = YES;
				INFOPLIST_KEY_UIApplicationSupportsIndirectInputEvents = YES;
				INFOPLIST_KEY_UILaunchScreen_Generation = YES;
				INFOPLIST_KEY_UISupportedInterfaceOrientations = UIInterfaceOrientationPortrait;
				INFOPLIST_KEY_UISupportedInterfaceOrientations_iPad = "UIInterfaceOrientationLandscapeLeft UIInterfaceOrientationLandscapeRight UIInterfaceOrientationPortrait UIInterfaceOrientationPortraitUpsideDown";
				LD_RUNPATH_SEARCH_PATHS = (
					"$(inherited)",
					"@executable_path/Frameworks",
				);
				MARKETING_VERSION = 1.0;
				PRODUCT_BUNDLE_IDENTIFIER = "CardboardSoftware.Waste-Manager";
				PRODUCT_NAME = "$(TARGET_NAME)";
				SWIFT_EMIT_LOC_STRINGS = YES;
				SWIFT_VERSION = 5.0;
				TARGETED_DEVICE_FAMILY = "1,2";
			};
			name = Release;
		};
/* End XCBuildConfiguration section */

/* Begin XCConfigurationList section */
		621788E42B8FD4F600EFE45C /* Build configuration list for PBXProject "Waste Manager" */ = {
			isa = XCConfigurationList;
			buildConfigurations = (
				621788F52B8FD4F700EFE45C /* Debug */,
				621788F62B8FD4F700EFE45C /* Release */,
			);
			defaultConfigurationIsVisible = 0;
			defaultConfigurationName = Release;
		};
		621788F72B8FD4F700EFE45C /* Build configuration list for PBXNativeTarget "Waste Manager" */ = {
			isa = XCConfigurationList;
			buildConfigurations = (
				621788F82B8FD4F700EFE45C /* Debug */,
				621788F92B8FD4F700EFE45C /* Release */,
			);
			defaultConfigurationIsVisible = 0;
			defaultConfigurationName = Release;
		};
/* End XCConfigurationList section */
	};
	rootObject = 621788E12B8FD4F600EFE45C /* Project object */;
}
